
Microsoft Visual Studio Solution File, Format Version 12.00
# Visual Studio Version 16
VisualStudioVersion = 16.0.30114.105
MinimumVisualStudioVersion = 10.0.40219.1
Project("{2150E333-8FDC-42A3-9474-1A3956D46DE8}") = "Services", "Services", "{C0B96AC3-7683-4F64-AE9A-356894677624}"
EndProject
Project("{2150E333-8FDC-42A3-9474-1A3956D46DE8}") = "Catalog", "Catalog", "{71AFEEFB-4953-48F1-9D09-E928FCF9C138}"
EndProject
Project("{9A19103F-16F7-4668-BE54-9A1E7A4F7556}") = "AspnetMicroservices.Catalog.API", "src\services\AspnetMicroservices.Catalog.API\AspnetMicroservices.Catalog.API.csproj", "{7EF9EC8C-6B29-4537-AC25-DC609513241F}"
EndProject
Project("{E53339B2-1760-4266-BCC7-CA923CBCF16C}") = "docker-compose", "docker-compose.dcproj", "{6C22099F-142A-46BA-AD39-D07C4AFA10CA}"
EndProject
Project("{2150E333-8FDC-42A3-9474-1A3956D46DE8}") = "Basket", "Basket", "{867E548A-6063-4045-8540-426DC3A6296E}"
EndProject
Project("{9A19103F-16F7-4668-BE54-9A1E7A4F7556}") = "AspnetMicroservices.Basket.API", "src\services\AspnetMicroservices.Basket.API\AspnetMicroservices.Basket.API.csproj", "{115A0908-A1C6-4215-9D1D-7E84BD211C5B}"
EndProject
Project("{2150E333-8FDC-42A3-9474-1A3956D46DE8}") = "Discount", "Discount", "{65828074-AF56-4A1F-9788-F3EBEA2D590E}"
EndProject
Project("{9A19103F-16F7-4668-BE54-9A1E7A4F7556}") = "AspnetMicroservices.Discount.API", "src\services\AspnetMicroservices.Discount.API\AspnetMicroservices.Discount.API.csproj", "{97A72F95-0AC6-4D51-901E-3AAAA9BD07DA}"
EndProject
Project("{9A19103F-16F7-4668-BE54-9A1E7A4F7556}") = "AspnetMicroservices.Discount.Grpc", "src\services\AspnetMicroservices.Discount.Grpc\AspnetMicroservices.Discount.Grpc.csproj", "{D0B796F6-E938-4308-A3EC-1450548BDF82}"
EndProject
Project("{2150E333-8FDC-42A3-9474-1A3956D46DE8}") = "Ordering", "Ordering", "{7A71149F-8395-4E22-AD52-7D4C4C20435D}"
EndProject
Project("{9A19103F-16F7-4668-BE54-9A1E7A4F7556}") = "AspnetMicroservices.Ordering.API", "src\services\AspnetMicroservices.Ordering.API\AspnetMicroservices.Ordering.API.csproj", "{87B0E083-A1DD-4F83-8937-48C73C1C7FF6}"
EndProject
Project("{9A19103F-16F7-4668-BE54-9A1E7A4F7556}") = "AspnetMicroservices.Ordering.Domain", "src\services\AspnetMicroservices.Ordering.Domain\AspnetMicroservices.Ordering.Domain.csproj", "{7E12DF6D-30FA-450B-A175-BDD5114ED140}"
EndProject
Project("{9A19103F-16F7-4668-BE54-9A1E7A4F7556}") = "AspnetMicroservices.Ordering.Application", "src\services\AspnetMicroservices.Ordering.Application\AspnetMicroservices.Ordering.Application.csproj", "{067FA714-EFC2-4174-8D13-F2230E5FA631}"
EndProject
Project("{9A19103F-16F7-4668-BE54-9A1E7A4F7556}") = "AspnetMicroservices.Ordering.Infrastructure", "src\services\AspnetMicroservices.Ordering.Infrastructure\AspnetMicroservices.Ordering.Infrastructure.csproj", "{B49E7078-DF1B-4922-B817-390DD3FC986D}"
EndProject
Project("{2150E333-8FDC-42A3-9474-1A3956D46DE8}") = "BuildingBlocks", "BuildingBlocks", "{683CBA78-C08E-404A-98BE-9AC86CF7BC2D}"
EndProject
Project("{9A19103F-16F7-4668-BE54-9A1E7A4F7556}") = "AspnetMicroservices.EventBus.Messages", "src\buildingBlocks\AspnetMicroservices.EventBus.Messages\AspnetMicroservices.EventBus.Messages.csproj", "{7DB6D9C0-33A3-41FF-A0EE-2C7E679F45B0}"
EndProject
Project("{2150E333-8FDC-42A3-9474-1A3956D46DE8}") = "ApiGateways", "ApiGateways", "{A831DBA5-3453-4F3D-8154-6A1E3A324AF1}"
EndProject
Project("{9A19103F-16F7-4668-BE54-9A1E7A4F7556}") = "AspnetMicroservices.OcelotApiGateway", "src\apiGateways\AspnetMicroservices.OcelotApiGateway\AspnetMicroservices.OcelotApiGateway.csproj", "{29D10274-736C-4B5E-869E-B6F997B32983}"
EndProject
Project("{FAE04EC0-301F-11D3-BF4B-00C04F79EFBC}") = "AspnetMicroservices.Shopping.Aggregator", "src\apiGateways\AspnetMicroservices.Shopping.Aggregator\AspnetMicroservices.Shopping.Aggregator.csproj", "{C999AF53-67C8-4109-A112-10FC81B2F3FB}"
EndProject
Global
	GlobalSection(SolutionConfigurationPlatforms) = preSolution
		Debug|Any CPU = Debug|Any CPU
		Debug|x64 = Debug|x64
		Debug|x86 = Debug|x86
		Release|Any CPU = Release|Any CPU
		Release|x64 = Release|x64
		Release|x86 = Release|x86
	EndGlobalSection
	GlobalSection(ProjectConfigurationPlatforms) = postSolution
		{7EF9EC8C-6B29-4537-AC25-DC609513241F}.Debug|Any CPU.ActiveCfg = Debug|Any CPU
		{7EF9EC8C-6B29-4537-AC25-DC609513241F}.Debug|Any CPU.Build.0 = Debug|Any CPU
		{7EF9EC8C-6B29-4537-AC25-DC609513241F}.Debug|x64.ActiveCfg = Debug|Any CPU
		{7EF9EC8C-6B29-4537-AC25-DC609513241F}.Debug|x64.Build.0 = Debug|Any CPU
		{7EF9EC8C-6B29-4537-AC25-DC609513241F}.Debug|x86.ActiveCfg = Debug|Any CPU
		{7EF9EC8C-6B29-4537-AC25-DC609513241F}.Debug|x86.Build.0 = Debug|Any CPU
		{7EF9EC8C-6B29-4537-AC25-DC609513241F}.Release|Any CPU.ActiveCfg = Release|Any CPU
		{7EF9EC8C-6B29-4537-AC25-DC609513241F}.Release|Any CPU.Build.0 = Release|Any CPU
		{7EF9EC8C-6B29-4537-AC25-DC609513241F}.Release|x64.ActiveCfg = Release|Any CPU
		{7EF9EC8C-6B29-4537-AC25-DC609513241F}.Release|x64.Build.0 = Release|Any CPU
		{7EF9EC8C-6B29-4537-AC25-DC609513241F}.Release|x86.ActiveCfg = Release|Any CPU
		{7EF9EC8C-6B29-4537-AC25-DC609513241F}.Release|x86.Build.0 = Release|Any CPU
		{6C22099F-142A-46BA-AD39-D07C4AFA10CA}.Debug|Any CPU.ActiveCfg = Debug|Any CPU
		{6C22099F-142A-46BA-AD39-D07C4AFA10CA}.Debug|Any CPU.Build.0 = Debug|Any CPU
		{6C22099F-142A-46BA-AD39-D07C4AFA10CA}.Debug|x64.ActiveCfg = Debug|Any CPU
		{6C22099F-142A-46BA-AD39-D07C4AFA10CA}.Debug|x64.Build.0 = Debug|Any CPU
		{6C22099F-142A-46BA-AD39-D07C4AFA10CA}.Debug|x86.ActiveCfg = Debug|Any CPU
		{6C22099F-142A-46BA-AD39-D07C4AFA10CA}.Debug|x86.Build.0 = Debug|Any CPU
		{6C22099F-142A-46BA-AD39-D07C4AFA10CA}.Release|Any CPU.ActiveCfg = Release|Any CPU
		{6C22099F-142A-46BA-AD39-D07C4AFA10CA}.Release|Any CPU.Build.0 = Release|Any CPU
		{6C22099F-142A-46BA-AD39-D07C4AFA10CA}.Release|x64.ActiveCfg = Release|Any CPU
		{6C22099F-142A-46BA-AD39-D07C4AFA10CA}.Release|x64.Build.0 = Release|Any CPU
		{6C22099F-142A-46BA-AD39-D07C4AFA10CA}.Release|x86.ActiveCfg = Release|Any CPU
		{6C22099F-142A-46BA-AD39-D07C4AFA10CA}.Release|x86.Build.0 = Release|Any CPU
		{115A0908-A1C6-4215-9D1D-7E84BD211C5B}.Debug|Any CPU.ActiveCfg = Debug|Any CPU
		{115A0908-A1C6-4215-9D1D-7E84BD211C5B}.Debug|Any CPU.Build.0 = Debug|Any CPU
		{115A0908-A1C6-4215-9D1D-7E84BD211C5B}.Debug|x64.ActiveCfg = Debug|Any CPU
		{115A0908-A1C6-4215-9D1D-7E84BD211C5B}.Debug|x64.Build.0 = Debug|Any CPU
		{115A0908-A1C6-4215-9D1D-7E84BD211C5B}.Debug|x86.ActiveCfg = Debug|Any CPU
		{115A0908-A1C6-4215-9D1D-7E84BD211C5B}.Debug|x86.Build.0 = Debug|Any CPU
		{115A0908-A1C6-4215-9D1D-7E84BD211C5B}.Release|Any CPU.ActiveCfg = Release|Any CPU
		{115A0908-A1C6-4215-9D1D-7E84BD211C5B}.Release|Any CPU.Build.0 = Release|Any CPU
		{115A0908-A1C6-4215-9D1D-7E84BD211C5B}.Release|x64.ActiveCfg = Release|Any CPU
		{115A0908-A1C6-4215-9D1D-7E84BD211C5B}.Release|x64.Build.0 = Release|Any CPU
		{115A0908-A1C6-4215-9D1D-7E84BD211C5B}.Release|x86.ActiveCfg = Release|Any CPU
		{115A0908-A1C6-4215-9D1D-7E84BD211C5B}.Release|x86.Build.0 = Release|Any CPU
		{97A72F95-0AC6-4D51-901E-3AAAA9BD07DA}.Debug|Any CPU.ActiveCfg = Debug|Any CPU
		{97A72F95-0AC6-4D51-901E-3AAAA9BD07DA}.Debug|Any CPU.Build.0 = Debug|Any CPU
		{97A72F95-0AC6-4D51-901E-3AAAA9BD07DA}.Debug|x64.ActiveCfg = Debug|Any CPU
		{97A72F95-0AC6-4D51-901E-3AAAA9BD07DA}.Debug|x64.Build.0 = Debug|Any CPU
		{97A72F95-0AC6-4D51-901E-3AAAA9BD07DA}.Debug|x86.ActiveCfg = Debug|Any CPU
		{97A72F95-0AC6-4D51-901E-3AAAA9BD07DA}.Debug|x86.Build.0 = Debug|Any CPU
		{97A72F95-0AC6-4D51-901E-3AAAA9BD07DA}.Release|Any CPU.ActiveCfg = Release|Any CPU
		{97A72F95-0AC6-4D51-901E-3AAAA9BD07DA}.Release|Any CPU.Build.0 = Release|Any CPU
		{97A72F95-0AC6-4D51-901E-3AAAA9BD07DA}.Release|x64.ActiveCfg = Release|Any CPU
		{97A72F95-0AC6-4D51-901E-3AAAA9BD07DA}.Release|x64.Build.0 = Release|Any CPU
		{97A72F95-0AC6-4D51-901E-3AAAA9BD07DA}.Release|x86.ActiveCfg = Release|Any CPU
		{97A72F95-0AC6-4D51-901E-3AAAA9BD07DA}.Release|x86.Build.0 = Release|Any CPU
		{D0B796F6-E938-4308-A3EC-1450548BDF82}.Debug|Any CPU.ActiveCfg = Debug|Any CPU
		{D0B796F6-E938-4308-A3EC-1450548BDF82}.Debug|Any CPU.Build.0 = Debug|Any CPU
		{D0B796F6-E938-4308-A3EC-1450548BDF82}.Debug|x64.ActiveCfg = Debug|Any CPU
		{D0B796F6-E938-4308-A3EC-1450548BDF82}.Debug|x64.Build.0 = Debug|Any CPU
		{D0B796F6-E938-4308-A3EC-1450548BDF82}.Debug|x86.ActiveCfg = Debug|Any CPU
		{D0B796F6-E938-4308-A3EC-1450548BDF82}.Debug|x86.Build.0 = Debug|Any CPU
		{D0B796F6-E938-4308-A3EC-1450548BDF82}.Release|Any CPU.ActiveCfg = Release|Any CPU
		{D0B796F6-E938-4308-A3EC-1450548BDF82}.Release|Any CPU.Build.0 = Release|Any CPU
		{D0B796F6-E938-4308-A3EC-1450548BDF82}.Release|x64.ActiveCfg = Release|Any CPU
		{D0B796F6-E938-4308-A3EC-1450548BDF82}.Release|x64.Build.0 = Release|Any CPU
		{D0B796F6-E938-4308-A3EC-1450548BDF82}.Release|x86.ActiveCfg = Release|Any CPU
		{D0B796F6-E938-4308-A3EC-1450548BDF82}.Release|x86.Build.0 = Release|Any CPU
		{87B0E083-A1DD-4F83-8937-48C73C1C7FF6}.Debug|Any CPU.ActiveCfg = Debug|Any CPU
		{87B0E083-A1DD-4F83-8937-48C73C1C7FF6}.Debug|Any CPU.Build.0 = Debug|Any CPU
		{87B0E083-A1DD-4F83-8937-48C73C1C7FF6}.Debug|x64.ActiveCfg = Debug|Any CPU
		{87B0E083-A1DD-4F83-8937-48C73C1C7FF6}.Debug|x64.Build.0 = Debug|Any CPU
		{87B0E083-A1DD-4F83-8937-48C73C1C7FF6}.Debug|x86.ActiveCfg = Debug|Any CPU
		{87B0E083-A1DD-4F83-8937-48C73C1C7FF6}.Debug|x86.Build.0 = Debug|Any CPU
		{87B0E083-A1DD-4F83-8937-48C73C1C7FF6}.Release|Any CPU.ActiveCfg = Release|Any CPU
		{87B0E083-A1DD-4F83-8937-48C73C1C7FF6}.Release|Any CPU.Build.0 = Release|Any CPU
		{87B0E083-A1DD-4F83-8937-48C73C1C7FF6}.Release|x64.ActiveCfg = Release|Any CPU
		{87B0E083-A1DD-4F83-8937-48C73C1C7FF6}.Release|x64.Build.0 = Release|Any CPU
		{87B0E083-A1DD-4F83-8937-48C73C1C7FF6}.Release|x86.ActiveCfg = Release|Any CPU
		{87B0E083-A1DD-4F83-8937-48C73C1C7FF6}.Release|x86.Build.0 = Release|Any CPU
		{7E12DF6D-30FA-450B-A175-BDD5114ED140}.Debug|Any CPU.ActiveCfg = Debug|Any CPU
		{7E12DF6D-30FA-450B-A175-BDD5114ED140}.Debug|Any CPU.Build.0 = Debug|Any CPU
		{7E12DF6D-30FA-450B-A175-BDD5114ED140}.Debug|x64.ActiveCfg = Debug|Any CPU
		{7E12DF6D-30FA-450B-A175-BDD5114ED140}.Debug|x64.Build.0 = Debug|Any CPU
		{7E12DF6D-30FA-450B-A175-BDD5114ED140}.Debug|x86.ActiveCfg = Debug|Any CPU
		{7E12DF6D-30FA-450B-A175-BDD5114ED140}.Debug|x86.Build.0 = Debug|Any CPU
		{7E12DF6D-30FA-450B-A175-BDD5114ED140}.Release|Any CPU.ActiveCfg = Release|Any CPU
		{7E12DF6D-30FA-450B-A175-BDD5114ED140}.Release|Any CPU.Build.0 = Release|Any CPU
		{7E12DF6D-30FA-450B-A175-BDD5114ED140}.Release|x64.ActiveCfg = Release|Any CPU
		{7E12DF6D-30FA-450B-A175-BDD5114ED140}.Release|x64.Build.0 = Release|Any CPU
		{7E12DF6D-30FA-450B-A175-BDD5114ED140}.Release|x86.ActiveCfg = Release|Any CPU
		{7E12DF6D-30FA-450B-A175-BDD5114ED140}.Release|x86.Build.0 = Release|Any CPU
		{067FA714-EFC2-4174-8D13-F2230E5FA631}.Debug|Any CPU.ActiveCfg = Debug|Any CPU
		{067FA714-EFC2-4174-8D13-F2230E5FA631}.Debug|Any CPU.Build.0 = Debug|Any CPU
		{067FA714-EFC2-4174-8D13-F2230E5FA631}.Debug|x64.ActiveCfg = Debug|Any CPU
		{067FA714-EFC2-4174-8D13-F2230E5FA631}.Debug|x64.Build.0 = Debug|Any CPU
		{067FA714-EFC2-4174-8D13-F2230E5FA631}.Debug|x86.ActiveCfg = Debug|Any CPU
		{067FA714-EFC2-4174-8D13-F2230E5FA631}.Debug|x86.Build.0 = Debug|Any CPU
		{067FA714-EFC2-4174-8D13-F2230E5FA631}.Release|Any CPU.ActiveCfg = Release|Any CPU
		{067FA714-EFC2-4174-8D13-F2230E5FA631}.Release|Any CPU.Build.0 = Release|Any CPU
		{067FA714-EFC2-4174-8D13-F2230E5FA631}.Release|x64.ActiveCfg = Release|Any CPU
		{067FA714-EFC2-4174-8D13-F2230E5FA631}.Release|x64.Build.0 = Release|Any CPU
		{067FA714-EFC2-4174-8D13-F2230E5FA631}.Release|x86.ActiveCfg = Release|Any CPU
		{067FA714-EFC2-4174-8D13-F2230E5FA631}.Release|x86.Build.0 = Release|Any CPU
		{B49E7078-DF1B-4922-B817-390DD3FC986D}.Debug|Any CPU.ActiveCfg = Debug|Any CPU
		{B49E7078-DF1B-4922-B817-390DD3FC986D}.Debug|Any CPU.Build.0 = Debug|Any CPU
		{B49E7078-DF1B-4922-B817-390DD3FC986D}.Debug|x64.ActiveCfg = Debug|Any CPU
		{B49E7078-DF1B-4922-B817-390DD3FC986D}.Debug|x64.Build.0 = Debug|Any CPU
		{B49E7078-DF1B-4922-B817-390DD3FC986D}.Debug|x86.ActiveCfg = Debug|Any CPU
		{B49E7078-DF1B-4922-B817-390DD3FC986D}.Debug|x86.Build.0 = Debug|Any CPU
		{B49E7078-DF1B-4922-B817-390DD3FC986D}.Release|Any CPU.ActiveCfg = Release|Any CPU
		{B49E7078-DF1B-4922-B817-390DD3FC986D}.Release|Any CPU.Build.0 = Release|Any CPU
		{B49E7078-DF1B-4922-B817-390DD3FC986D}.Release|x64.ActiveCfg = Release|Any CPU
		{B49E7078-DF1B-4922-B817-390DD3FC986D}.Release|x64.Build.0 = Release|Any CPU
		{B49E7078-DF1B-4922-B817-390DD3FC986D}.Release|x86.ActiveCfg = Release|Any CPU
		{B49E7078-DF1B-4922-B817-390DD3FC986D}.Release|x86.Build.0 = Release|Any CPU
		{7DB6D9C0-33A3-41FF-A0EE-2C7E679F45B0}.Debug|Any CPU.ActiveCfg = Debug|Any CPU
		{7DB6D9C0-33A3-41FF-A0EE-2C7E679F45B0}.Debug|Any CPU.Build.0 = Debug|Any CPU
		{7DB6D9C0-33A3-41FF-A0EE-2C7E679F45B0}.Debug|x64.ActiveCfg = Debug|Any CPU
		{7DB6D9C0-33A3-41FF-A0EE-2C7E679F45B0}.Debug|x64.Build.0 = Debug|Any CPU
		{7DB6D9C0-33A3-41FF-A0EE-2C7E679F45B0}.Debug|x86.ActiveCfg = Debug|Any CPU
		{7DB6D9C0-33A3-41FF-A0EE-2C7E679F45B0}.Debug|x86.Build.0 = Debug|Any CPU
		{7DB6D9C0-33A3-41FF-A0EE-2C7E679F45B0}.Release|Any CPU.ActiveCfg = Release|Any CPU
		{7DB6D9C0-33A3-41FF-A0EE-2C7E679F45B0}.Release|Any CPU.Build.0 = Release|Any CPU
		{7DB6D9C0-33A3-41FF-A0EE-2C7E679F45B0}.Release|x64.ActiveCfg = Release|Any CPU
		{7DB6D9C0-33A3-41FF-A0EE-2C7E679F45B0}.Release|x64.Build.0 = Release|Any CPU
		{7DB6D9C0-33A3-41FF-A0EE-2C7E679F45B0}.Release|x86.ActiveCfg = Release|Any CPU
		{7DB6D9C0-33A3-41FF-A0EE-2C7E679F45B0}.Release|x86.Build.0 = Release|Any CPU
		{29D10274-736C-4B5E-869E-B6F997B32983}.Debug|Any CPU.ActiveCfg = Debug|Any CPU
		{29D10274-736C-4B5E-869E-B6F997B32983}.Debug|Any CPU.Build.0 = Debug|Any CPU
		{29D10274-736C-4B5E-869E-B6F997B32983}.Debug|x64.ActiveCfg = Debug|Any CPU
		{29D10274-736C-4B5E-869E-B6F997B32983}.Debug|x64.Build.0 = Debug|Any CPU
		{29D10274-736C-4B5E-869E-B6F997B32983}.Debug|x86.ActiveCfg = Debug|Any CPU
		{29D10274-736C-4B5E-869E-B6F997B32983}.Debug|x86.Build.0 = Debug|Any CPU
		{29D10274-736C-4B5E-869E-B6F997B32983}.Release|Any CPU.ActiveCfg = Release|Any CPU
		{29D10274-736C-4B5E-869E-B6F997B32983}.Release|Any CPU.Build.0 = Release|Any CPU
		{29D10274-736C-4B5E-869E-B6F997B32983}.Release|x64.ActiveCfg = Release|Any CPU
		{29D10274-736C-4B5E-869E-B6F997B32983}.Release|x64.Build.0 = Release|Any CPU
		{29D10274-736C-4B5E-869E-B6F997B32983}.Release|x86.ActiveCfg = Release|Any CPU
		{29D10274-736C-4B5E-869E-B6F997B32983}.Release|x86.Build.0 = Release|Any CPU
		{C999AF53-67C8-4109-A112-10FC81B2F3FB}.Debug|Any CPU.ActiveCfg = Debug|Any CPU
		{C999AF53-67C8-4109-A112-10FC81B2F3FB}.Debug|Any CPU.Build.0 = Debug|Any CPU
		{C999AF53-67C8-4109-A112-10FC81B2F3FB}.Debug|x64.ActiveCfg = Debug|Any CPU
		{C999AF53-67C8-4109-A112-10FC81B2F3FB}.Debug|x64.Build.0 = Debug|Any CPU
		{C999AF53-67C8-4109-A112-10FC81B2F3FB}.Debug|x86.ActiveCfg = Debug|Any CPU
		{C999AF53-67C8-4109-A112-10FC81B2F3FB}.Debug|x86.Build.0 = Debug|Any CPU
		{C999AF53-67C8-4109-A112-10FC81B2F3FB}.Release|Any CPU.ActiveCfg = Release|Any CPU
		{C999AF53-67C8-4109-A112-10FC81B2F3FB}.Release|Any CPU.Build.0 = Release|Any CPU
		{C999AF53-67C8-4109-A112-10FC81B2F3FB}.Release|x64.ActiveCfg = Release|Any CPU
		{C999AF53-67C8-4109-A112-10FC81B2F3FB}.Release|x64.Build.0 = Release|Any CPU
		{C999AF53-67C8-4109-A112-10FC81B2F3FB}.Release|x86.ActiveCfg = Release|Any CPU
		{C999AF53-67C8-4109-A112-10FC81B2F3FB}.Release|x86.Build.0 = Release|Any CPU
	EndGlobalSection
	GlobalSection(SolutionProperties) = preSolution
		HideSolutionNode = FALSE
	EndGlobalSection
	GlobalSection(NestedProjects) = preSolution
		{71AFEEFB-4953-48F1-9D09-E928FCF9C138} = {C0B96AC3-7683-4F64-AE9A-356894677624}
		{7EF9EC8C-6B29-4537-AC25-DC609513241F} = {71AFEEFB-4953-48F1-9D09-E928FCF9C138}
		{867E548A-6063-4045-8540-426DC3A6296E} = {C0B96AC3-7683-4F64-AE9A-356894677624}
		{115A0908-A1C6-4215-9D1D-7E84BD211C5B} = {867E548A-6063-4045-8540-426DC3A6296E}
		{65828074-AF56-4A1F-9788-F3EBEA2D590E} = {C0B96AC3-7683-4F64-AE9A-356894677624}
		{97A72F95-0AC6-4D51-901E-3AAAA9BD07DA} = {65828074-AF56-4A1F-9788-F3EBEA2D590E}
		{D0B796F6-E938-4308-A3EC-1450548BDF82} = {65828074-AF56-4A1F-9788-F3EBEA2D590E}
		{7A71149F-8395-4E22-AD52-7D4C4C20435D} = {C0B96AC3-7683-4F64-AE9A-356894677624}
		{87B0E083-A1DD-4F83-8937-48C73C1C7FF6} = {7A71149F-8395-4E22-AD52-7D4C4C20435D}
		{7E12DF6D-30FA-450B-A175-BDD5114ED140} = {7A71149F-8395-4E22-AD52-7D4C4C20435D}
		{067FA714-EFC2-4174-8D13-F2230E5FA631} = {7A71149F-8395-4E22-AD52-7D4C4C20435D}
		{B49E7078-DF1B-4922-B817-390DD3FC986D} = {7A71149F-8395-4E22-AD52-7D4C4C20435D}
		{7DB6D9C0-33A3-41FF-A0EE-2C7E679F45B0} = {683CBA78-C08E-404A-98BE-9AC86CF7BC2D}
		{29D10274-736C-4B5E-869E-B6F997B32983} = {A831DBA5-3453-4F3D-8154-6A1E3A324AF1}
		{C999AF53-67C8-4109-A112-10FC81B2F3FB} = {A831DBA5-3453-4F3D-8154-6A1E3A324AF1}
	EndGlobalSection
	GlobalSection(ExtensibilityGlobals) = postSolution
		SolutionGuid = {06EF6C5C-631B-4315-BCC6-E2C6451AB8DF}
	EndGlobalSection
EndGlobal
